PODS:
  - FBSnapshotTestCase (2.1.4):
    - FBSnapshotTestCase/SwiftSupport (= 2.1.4)
  - FBSnapshotTestCase/Core (2.1.4)
  - FBSnapshotTestCase/SwiftSupport (2.1.4):
    - FBSnapshotTestCase/Core
  - NavigationTitleHudDNTL (1.0.1)

DEPENDENCIES:
  - FBSnapshotTestCase
  - NavigationTitleHudDNTL (from `../`)

SPEC REPOS:
  https://github.com/cocoapods/specs.git:
    - FBSnapshotTestCase

EXTERNAL SOURCES:
  NavigationTitleHudDNTL:
    :path: "../"

SPEC CHECKSUMS:
  FBSnapshotTestCase: 094f9f314decbabe373b87cc339bea235a63e07a
  NavigationTitleHudDNTL: 7ae36668b624fec6c4d093bd6647136605e34ba3

PODFILE CHECKSUM: 6f727fd9fb5bfa11c91fa19b7cd80ff2899c8156

COCOAPODS: 1.5.3
